
Microsoft Visual Studio Solution File, Format Version 12.00
# Visual Studio Version 17
VisualStudioVersion = 17.9.34723.18
MinimumVisualStudioVersion = 10.0.40219.1
Project("{FAE04EC0-301F-11D3-BF4B-00C04F79EFBC}") = "Mars", "Mars\Mars.csproj", "{40E1C094-2B91-44CB-B4DC-7EB9C763039D}"
EndProject
Global
	GlobalSection(SolutionConfigurationPlatforms) = preSolution
		Debug|Any CPU = Debug|Any CPU
		Release|Any CPU = Release|Any CPU
	EndGlobalSection
	GlobalSection(ProjectConfigurationPlatforms) = postSolution
		{40E1C094-2B91-44CB-B4DC-7EB9C763039D}.Debug|Any CPU.ActiveCfg = Debug|Any CPU
		{40E1C094-2B91-44CB-B4DC-7EB9C763039D}.Debug|Any CPU.Build.0 = Debug|Any CPU
		{40E1C094-2B91-44CB-B4DC-7EB9C763039D}.Release|Any CPU.ActiveCfg = Release|Any CPU
		{40E1C094-2B91-44CB-B4DC-7EB9C763039D}.Release|Any CPU.Build.0 = Release|Any CPU
	EndGlobalSection
	GlobalSection(SolutionProperties) = preSolution
		HideSolutionNode = FALSE
	EndGlobalSection
	GlobalSection(ExtensibilityGlobals) = postSolution
		SolutionGuid = {633F81F4-2522-402B-A247-A6E2FCA9F7F6}
	EndGlobalSection
EndGlobal
